// !$*UTF8*$!
{
	archiveVersion = 1;
	classes = {
	};
	objectVersion = 46;
	objects = {

/* Begin PBXBuildFile section */
		44BDF299A0BF9720ABAD4ED1 /* Pods_mova.framework in Frameworks */ = {isa = PBXBuildFile; fileRef = 8DD79B26D1D7A4E554D092C3 /* Pods_mova.framework */; };
		465102691ECF5A2D0047631B /* CollectionViewCell.swift in Sources */ = {isa = PBXBuildFile; fileRef = 465102681ECF5A2D0047631B /* CollectionViewCell.swift */; };
		4651026D1ECFA01A0047631B /* PinInfoView.swift in Sources */ = {isa = PBXBuildFile; fileRef = 4651026C1ECFA01A0047631B /* PinInfoView.swift */; };
		4651026F1ED052B80047631B /* ImageAnnotation.swift in Sources */ = {isa = PBXBuildFile; fileRef = 4651026E1ED052B80047631B /* ImageAnnotation.swift */; };
		465102731ED076AD0047631B /* PinData.swift in Sources */ = {isa = PBXBuildFile; fileRef = 465102721ED076AD0047631B /* PinData.swift */; };
		4651027F1ED083D50047631B /* Podfile in Resources */ = {isa = PBXBuildFile; fileRef = 4651027E1ED083D50047631B /* Podfile */; };
		469769931ECED33500A6F2A3 /* AppDelegate.swift in Sources */ = {isa = PBXBuildFile; fileRef = 469769921ECED33500A6F2A3 /* AppDelegate.swift */; };
		469769951ECED33500A6F2A3 /* ViewController.swift in Sources */ = {isa = PBXBuildFile; fileRef = 469769941ECED33500A6F2A3 /* ViewController.swift */; };
		4697699A1ECED33500A6F2A3 /* Assets.xcassets in Resources */ = {isa = PBXBuildFile; fileRef = 469769991ECED33500A6F2A3 /* Assets.xcassets */; };
		4697699D1ECED33500A6F2A3 /* LaunchScreen.storyboard in Resources */ = {isa = PBXBuildFile; fileRef = 4697699B1ECED33500A6F2A3 /* LaunchScreen.storyboard */; };
		469769A71ECED88D00A6F2A3 /* Extensions.swift in Sources */ = {isa = PBXBuildFile; fileRef = 469769A61ECED88D00A6F2A3 /* Extensions.swift */; };
/* End PBXBuildFile section */

/* Begin PBXCopyFilesBuildPhase section */
		4651027C1ED082AE0047631B /* Embed Frameworks */ = {
			isa = PBXCopyFilesBuildPhase;
			buildActionMask = 2147483647;
			dstPath = "";
			dstSubfolderSpec = 10;
			files = (
			);
			name = "Embed Frameworks";
			runOnlyForDeploymentPostprocessing = 0;
		};
/* End PBXCopyFilesBuildPhase section */

/* Begin PBXFileReference section */
		465102681ECF5A2D0047631B /* CollectionViewCell.swift */ = {isa = PBXFileReference; fileEncoding = 4; lastKnownFileType = sourcecode.swift; path = CollectionViewCell.swift; sourceTree = "<group>"; };
		4651026C1ECFA01A0047631B /* PinInfoView.swift */ = {isa = PBXFileReference; fileEncoding = 4; lastKnownFileType = sourcecode.swift; path = PinInfoView.swift; sourceTree = "<group>"; };
		4651026E1ED052B80047631B /* ImageAnnotation.swift */ = {isa = PBXFileReference; fileEncoding = 4; lastKnownFileType = sourcecode.swift; path = ImageAnnotation.swift; sourceTree = "<group>"; };
		465102721ED076AD0047631B /* PinData.swift */ = {isa = PBXFileReference; fileEncoding = 4; lastKnownFileType = sourcecode.swift; path = PinData.swift; sourceTree = "<group>"; };
		4651027E1ED083D50047631B /* Podfile */ = {isa = PBXFileReference; fileEncoding = 4; lastKnownFileType = text; path = Podfile; sourceTree = "<group>"; xcLanguageSpecificationIdentifier = xcode.lang.ruby; };
		4697698F1ECED33500A6F2A3 /* mova.app */ = {isa = PBXFileReference; explicitFileType = wrapper.application; includeInIndex = 0; path = mova.app; sourceTree = BUILT_PRODUCTS_DIR; };
		469769921ECED33500A6F2A3 /* AppDelegate.swift */ = {isa = PBXFileReference; lastKnownFileType = sourcecode.swift; path = AppDelegate.swift; sourceTree = "<group>"; };
		469769941ECED33500A6F2A3 /* ViewController.swift */ = {isa = PBXFileReference; lastKnownFileType = sourcecode.swift; path = ViewController.swift; sourceTree = "<group>"; };
		469769991ECED33500A6F2A3 /* Assets.xcassets */ = {isa = PBXFileReference; lastKnownFileType = folder.assetcatalog; path = Assets.xcassets; sourceTree = "<group>"; };
		4697699C1ECED33500A6F2A3 /* Base */ = {isa = PBXFileReference; lastKnownFileType = file.storyboard; name = Base; path = Base.lproj/LaunchScreen.storyboard; sourceTree = "<group>"; };
		4697699E1ECED33500A6F2A3 /* Info.plist */ = {isa = PBXFileReference; lastKnownFileType = text.plist.xml; path = Info.plist; sourceTree = "<group>"; };
		469769A61ECED88D00A6F2A3 /* Extensions.swift */ = {isa = PBXFileReference; fileEncoding = 4; lastKnownFileType = sourcecode.swift; path = Extensions.swift; sourceTree = "<group>"; };
		6B19B7E077F7D637DF7B8761 /* Pods-mova.debug.xcconfig */ = {isa = PBXFileReference; includeInIndex = 1; lastKnownFileType = text.xcconfig; name = "Pods-mova.debug.xcconfig"; path = "Pods/Target Support Files/Pods-mova/Pods-mova.debug.xcconfig"; sourceTree = "<group>"; };
		8DD79B26D1D7A4E554D092C3 /* Pods_mova.framework */ = {isa = PBXFileReference; explicitFileType = wrapper.framework; includeInIndex = 0; path = Pods_mova.framework; sourceTree = BUILT_PRODUCTS_DIR; };
		F40EA77CC82D8FD3F615CC44 /* Pods-mova.release.xcconfig */ = {isa = PBXFileReference; includeInIndex = 1; lastKnownFileType = text.xcconfig; name = "Pods-mova.release.xcconfig"; path = "Pods/Target Support Files/Pods-mova/Pods-mova.release.xcconfig"; sourceTree = "<group>"; };
/* End PBXFileReference section */

/* Begin PBXFrameworksBuildPhase section */
		4697698C1ECED33500A6F2A3 /* Frameworks */ = {
			isa = PBXFrameworksBuildPhase;
			buildActionMask = 2147483647;
			files = (
				44BDF299A0BF9720ABAD4ED1 /* Pods_mova.framework in Frameworks */,
			);
			runOnlyForDeploymentPostprocessing = 0;
		};
/* End PBXFrameworksBuildPhase section */

/* Begin PBXGroup section */
		389107479DB0EFA1428317B9 /* Pods */ = {
			isa = PBXGroup;
			children = (
				6B19B7E077F7D637DF7B8761 /* Pods-mova.debug.xcconfig */,
				F40EA77CC82D8FD3F615CC44 /* Pods-mova.release.xcconfig */,
			);
			name = Pods;
			sourceTree = "<group>";
		};
		465102801ED0C11F0047631B /* VIews */ = {
			isa = PBXGroup;
			children = (
				4651026C1ECFA01A0047631B /* PinInfoView.swift */,
				4651026E1ED052B80047631B /* ImageAnnotation.swift */,
				465102681ECF5A2D0047631B /* CollectionViewCell.swift */,
			);
			name = VIews;
			sourceTree = "<group>";
		};
		469769861ECED33500A6F2A3 = {
			isa = PBXGroup;
			children = (
				4651027E1ED083D50047631B /* Podfile */,
				469769911ECED33500A6F2A3 /* mova */,
				469769901ECED33500A6F2A3 /* Products */,
				389107479DB0EFA1428317B9 /* Pods */,
				78DF6B7DF273FE941894B0BF /* Frameworks */,
			);
			sourceTree = "<group>";
		};
		469769901ECED33500A6F2A3 /* Products */ = {
			isa = PBXGroup;
			children = (
				4697698F1ECED33500A6F2A3 /* mova.app */,
			);
			name = Products;
			sourceTree = "<group>";
		};
		469769911ECED33500A6F2A3 /* mova */ = {
			isa = PBXGroup;
			children = (
				469769921ECED33500A6F2A3 /* AppDelegate.swift */,
				469769A61ECED88D00A6F2A3 /* Extensions.swift */,
				465102721ED076AD0047631B /* PinData.swift */,
				469769941ECED33500A6F2A3 /* ViewController.swift */,
				465102801ED0C11F0047631B /* VIews */,
				4697699E1ECED33500A6F2A3 /* Info.plist */,
				469769991ECED33500A6F2A3 /* Assets.xcassets */,
				4697699B1ECED33500A6F2A3 /* LaunchScreen.storyboard */,
			);
			path = mova;
			sourceTree = "<group>";
		};
		78DF6B7DF273FE941894B0BF /* Frameworks */ = {
			isa = PBXGroup;
			children = (
				8DD79B26D1D7A4E554D092C3 /* Pods_mova.framework */,
			);
			name = Frameworks;
			sourceTree = "<group>";
		};
/* End PBXGroup section */

/* Begin PBXNativeTarget section */
		4697698E1ECED33500A6F2A3 /* mova */ = {
			isa = PBXNativeTarget;
			buildConfigurationList = 469769A11ECED33500A6F2A3 /* Build configuration list for PBXNativeTarget "mova" */;
			buildPhases = (
				3E29478B5F1DC41EF121B820 /* [CP] Check Pods Manifest.lock */,
				4697698B1ECED33500A6F2A3 /* Sources */,
				4697698C1ECED33500A6F2A3 /* Frameworks */,
				4697698D1ECED33500A6F2A3 /* Resources */,
				4651027C1ED082AE0047631B /* Embed Frameworks */,
				25414AFCD91DC72D22E4D3C5 /* [CP] Embed Pods Frameworks */,
				BBDBEF97949302EFBD985B3B /* [CP] Copy Pods Resources */,
			);
			buildRules = (
			);
			dependencies = (
			);
			name = mova;
			productName = mova;
			productReference = 4697698F1ECED33500A6F2A3 /* mova.app */;
			productType = "com.apple.product-type.application";
		};
/* End PBXNativeTarget section */

/* Begin PBXProject section */
		469769871ECED33500A6F2A3 /* Project object */ = {
			isa = PBXProject;
			attributes = {
				LastSwiftUpdateCheck = 0830;
				LastUpgradeCheck = 0830;
				ORGANIZATIONNAME = "anton Shepetuha";
				TargetAttributes = {
					4697698E1ECED33500A6F2A3 = {
						CreatedOnToolsVersion = 8.3.2;
						DevelopmentTeam = 26MYWBDR6Z;
						ProvisioningStyle = Automatic;
					};
				};
			};
			buildConfigurationList = 4697698A1ECED33500A6F2A3 /* Build configuration list for PBXProject "mova" */;
			compatibilityVersion = "Xcode 3.2";
			developmentRegion = English;
			hasScannedForEncodings = 0;
			knownRegions = (
				en,
				Base,
			);
			mainGroup = 469769861ECED33500A6F2A3;
			productRefGroup = 469769901ECED33500A6F2A3 /* Products */;
			projectDirPath = "";
			projectRoot = "";
			targets = (
				4697698E1ECED33500A6F2A3 /* mova */,
			);
		};
/* End PBXProject section */

/* Begin PBXResourcesBuildPhase section */
		4697698D1ECED33500A6F2A3 /* Resources */ = {
			isa = PBXResourcesBuildPhase;
			buildActionMask = 2147483647;
			files = (
				4651027F1ED083D50047631B /* Podfile in Resources */,
				4697699D1ECED33500A6F2A3 /* LaunchScreen.storyboard in Resources */,
				4697699A1ECED33500A6F2A3 /* Assets.xcassets in Resources */,
			);
			runOnlyForDeploymentPostprocessing = 0;
		};
/* End PBXResourcesBuildPhase section */

/* Begin PBXShellScriptBuildPhase section */
		25414AFCD91DC72D22E4D3C5 /* [CP] Embed Pods Frameworks */ = {
			isa = PBXShellScriptBuildPhase;
			buildActionMask = 2147483647;
			files = (
			);
			inputPaths = (
			);
			name = "[CP] Embed Pods Frameworks";
			outputPaths = (
			);
			runOnlyForDeploymentPostprocessing = 0;
			shellPath = /bin/sh;
			shellScript = "\"${SRCROOT}/Pods/Target Support Files/Pods-mova/Pods-mova-frameworks.sh\"\n";
			showEnvVarsInLog = 0;
		};
		3E29478B5F1DC41EF121B820 /* [CP] Check Pods Manifest.lock */ = {
			isa = PBXShellScriptBuildPhase;
			buildActionMask = 2147483647;
			files = (
			);
			inputPaths = (
			);
			name = "[CP] Check Pods Manifest.lock";
			outputPaths = (
			);
			runOnlyForDeploymentPostprocessing = 0;
			shellPath = /bin/sh;
			shellScript = "diff \"${PODS_PODFILE_DIR_PATH}/Podfile.lock\" \"${PODS_ROOT}/Manifest.lock\" > /dev/null\nif [ $? != 0 ] ; then\n    # print error to STDERR\n    echo \"error: The sandbox is not in sync with the Podfile.lock. Run 'pod install' or update your CocoaPods installation.\" >&2\n    exit 1\nfi\n";
			showEnvVarsInLog = 0;
		};
		BBDBEF97949302EFBD985B3B /* [CP] Copy Pods Resources */ = {
			isa = PBXShellScriptBuildPhase;
			buildActionMask = 2147483647;
			files = (
			);
			inputPaths = (
			);
			name = "[CP] Copy Pods Resources";
			outputPaths = (
			);
			runOnlyForDeploymentPostprocessing = 0;
			shellPath = /bin/sh;
			shellScript = "\"${SRCROOT}/Pods/Target Support Files/Pods-mova/Pods-mova-resources.sh\"\n";
			showEnvVarsInLog = 0;
		};
/* End PBXShellScriptBuildPhase section */

/* Begin PBXSourcesBuildPhase section */
		4697698B1ECED33500A6F2A3 /* Sources */ = {
			isa = PBXSourcesBuildPhase;
			buildActionMask = 2147483647;
			files = (
				4651026D1ECFA01A0047631B /* PinInfoView.swift in Sources */,
				469769951ECED33500A6F2A3 /* ViewController.swift in Sources */,
				4651026F1ED052B80047631B /* ImageAnnotation.swift in Sources */,
				469769A71ECED88D00A6F2A3 /* Extensions.swift in Sources */,
				465102691ECF5A2D0047631B /* CollectionViewCell.swift in Sources */,
				465102731ED076AD0047631B /* PinData.swift in Sources */,
				469769931ECED33500A6F2A3 /* AppDelegate.swift in Sources */,
			);
			runOnlyForDeploymentPostprocessing = 0;
		};
/* End PBXSourcesBuildPhase section */

/* Begin PBXVariantGroup section */
		4697699B1ECED33500A6F2A3 /* LaunchScreen.storyboard */ = {
			isa = PBXVariantGroup;
			children = (
				4697699C1ECED33500A6F2A3 /* Base */,
			);
			name = LaunchScreen.storyboard;
			sourceTree = "<group>";
		};
/* End PBXVariantGroup section */

/* Begin XCBuildConfiguration section */
		4697699F1ECED33500A6F2A3 /* Debug */ = {
			isa = XCBuildConfiguration;
			buildSettings = {
				ALWAYS_SEARCH_USER_PATHS = NO;
				CLANG_ANALYZER_NONNULL = YES;
				CLANG_ANALYZER_NUMBER_OBJECT_CONVERSION = YES_AGGRESSIVE;
				CLANG_CXX_LANGUAGE_STANDARD = "gnu++0x";
				CLANG_CXX_LIBRARY = "libc++";
				CLANG_ENABLE_MODULES = YES;
				CLANG_ENABLE_OBJC_ARC = YES;
				CLANG_WARN_BOOL_CONVERSION = YES;
				CLANG_WARN_CONSTANT_CONVERSION = YES;
				CLANG_WARN_DIRECT_OBJC_ISA_USAGE = YES_ERROR;
				CLANG_WARN_DOCUMENTATION_COMMENTS = YES;
				CLANG_WARN_EMPTY_BODY = YES;
				CLANG_WARN_ENUM_CONVERSION = YES;
				CLANG_WARN_INFINITE_RECURSION = YES;
				CLANG_WARN_INT_CONVERSION = YES;
				CLANG_WARN_OBJC_ROOT_CLASS = YES_ERROR;
				CLANG_WARN_SUSPICIOUS_MOVE = YES;
				CLANG_WARN_UNREACHABLE_CODE = YES;
				CLANG_WARN__DUPLICATE_METHOD_MATCH = YES;
				"CODE_SIGN_IDENTITY[sdk=iphoneos*]" = "iPhone Developer";
				COPY_PHASE_STRIP = NO;
				DEBUG_INFORMATION_FORMAT = dwarf;
				ENABLE_STRICT_OBJC_MSGSEND = YES;
				ENABLE_TESTABILITY = YES;
				GCC_C_LANGUAGE_STANDARD = gnu99;
				GCC_DYNAMIC_NO_PIC = NO;
				GCC_NO_COMMON_BLOCKS = YES;
				GCC_OPTIMIZATION_LEVEL = 0;
				GCC_PREPROCESSOR_DEFINITIONS = (
					"DEBUG=1",
					"$(inherited)",
				);
				GCC_WARN_64_TO_32_BIT_CONVERSION = YES;
				GCC_WARN_ABOUT_RETURN_TYPE = YES_ERROR;
				GCC_WARN_UNDECLARED_SELECTOR = YES;
				GCC_WARN_UNINITIALIZED_AUTOS = YES_AGGRESSIVE;
				GCC_WARN_UNUSED_FUNCTION = YES;
				GCC_WARN_UNUSED_VARIABLE = YES;
				IPHONEOS_DEPLOYMENT_TARGET = 10.3;
				MTL_ENABLE_DEBUG_INFO = YES;
				ONLY_ACTIVE_ARCH = YES;
				SDKROOT = iphoneos;
				SWIFT_ACTIVE_COMPILATION_CONDITIONS = DEBUG;
				SWIFT_OPTIMIZATION_LEVEL = "-Onone";
			};
			name = Debug;
		};
		469769A01ECED33500A6F2A3 /* Release */ = {
			isa = XCBuildConfiguration;
			buildSettings = {
				ALWAYS_SEARCH_USER_PATHS = NO;
				CLANG_ANALYZER_NONNULL = YES;
				CLANG_ANALYZER_NUMBER_OBJECT_CONVERSION = YES_AGGRESSIVE;
				CLANG_CXX_LANGUAGE_STANDARD = "gnu++0x";
				CLANG_CXX_LIBRARY = "libc++";
				CLANG_ENABLE_MODULES = YES;
				CLANG_ENABLE_OBJC_ARC = YES;
				CLANG_WARN_BOOL_CONVERSION = YES;
				CLANG_WARN_CONSTANT_CONVERSION = YES;
				CLANG_WARN_DIRECT_OBJC_ISA_USAGE = YES_ERROR;
				CLANG_WARN_DOCUMENTATION_COMMENTS = YES;
				CLANG_WARN_EMPTY_BODY = YES;
				CLANG_WARN_ENUM_CONVERSION = YES;
				CLANG_WARN_INFINITE_RECURSION = YES;
				CLANG_WARN_INT_CONVERSION = YES;
				CLANG_WARN_OBJC_ROOT_CLASS = YES_ERROR;
				CLANG_WARN_SUSPICIOUS_MOVE = YES;
				CLANG_WARN_UNREACHABLE_CODE = YES;
				CLANG_WARN__DUPLICATE_METHOD_MATCH = YES;
				"CODE_SIGN_IDENTITY[sdk=iphoneos*]" = "iPhone Developer";
				COPY_PHASE_STRIP = NO;
				DEBUG_INFORMATION_FORMAT = "dwarf-with-dsym";
				ENABLE_NS_ASSERTIONS = NO;
				ENABLE_STRICT_OBJC_MSGSEND = YES;
				GCC_C_LANGUAGE_STANDARD = gnu99;
				GCC_NO_COMMON_BLOCKS = YES;
				GCC_WARN_64_TO_32_BIT_CONVERSION = YES;
				GCC_WARN_ABOUT_RETURN_TYPE = YES_ERROR;
				GCC_WARN_UNDECLARED_SELECTOR = YES;
				GCC_WARN_UNINITIALIZED_AUTOS = YES_AGGRESSIVE;
				GCC_WARN_UNUSED_FUNCTION = YES;
				GCC_WARN_UNUSED_VARIABLE = YES;
				IPHONEOS_DEPLOYMENT_TARGET = 10.3;
				MTL_ENABLE_DEBUG_INFO = NO;
				SDKROOT = iphoneos;
				SWIFT_OPTIMIZATION_LEVEL = "-Owholemodule";
				VALIDATE_PRODUCT = YES;
			};
			name = Release;
		};
		469769A21ECED33500A6F2A3 /* Debug */ = {
			isa = XCBuildConfiguration;
			baseConfigurationReference = 6B19B7E077F7D637DF7B8761 /* Pods-mova.debug.xcconfig */;
			buildSettings = {
				ASSETCATALOG_COMPILER_APPICON_NAME = AppIcon;
				DEVELOPMENT_TEAM = 26MYWBDR6Z;
				INFOPLIST_FILE = mova/Info.plist;
				IPHONEOS_DEPLOYMENT_TARGET = 9.0;
				LD_RUNPATH_SEARCH_PATHS = "$(inherited) @executable_path/Frameworks";
				PRODUCT_BUNDLE_IDENTIFIER = Ferdens.mova;
				PRODUCT_NAME = "$(TARGET_NAME)";
				SWIFT_VERSION = 3.0;
				TARGETED_DEVICE_FAMILY = 1;
			};
			name = Debug;
		};
		469769A31ECED33500A6F2A3 /* Release */ = {
			isa = XCBuildConfiguration;
			baseConfigurationReference = F40EA77CC82D8FD3F615CC44 /* Pods-mova.release.xcconfig */;
			buildSettings = {
				ASSETCATALOG_COMPILER_APPICON_NAME = AppIcon;
				DEVELOPMENT_TEAM = 26MYWBDR6Z;
				INFOPLIST_FILE = mova/Info.plist;
				IPHONEOS_DEPLOYMENT_TARGET = 9.0;
				LD_RUNPATH_SEARCH_PATHS = "$(inherited) @executable_path/Frameworks";
				PRODUCT_BUNDLE_IDENTIFIER = Ferdens.mova;
				PRODUCT_NAME = "$(TARGET_NAME)";
				SWIFT_VERSION = 3.0;
				TARGETED_DEVICE_FAMILY = 1;
			};
			name = Release;
		};
/* End XCBuildConfiguration section */

/* Begin XCConfigurationList section */
		4697698A1ECED33500A6F2A3 /* Build configuration list for PBXProject "mova" */ = {
			isa = XCConfigurationList;
			buildConfigurations = (
				4697699F1ECED33500A6F2A3 /* Debug */,
				469769A01ECED33500A6F2A3 /* Release */,
			);
			defaultConfigurationIsVisible = 0;
			defaultConfigurationName = Release;
		};
		469769A11ECED33500A6F2A3 /* Build configuration list for PBXNativeTarget "mova" */ = {
			isa = XCConfigurationList;
			buildConfigurations = (
				469769A21ECED33500A6F2A3 /* Debug */,
				469769A31ECED33500A6F2A3 /* Release */,
			);
			defaultConfigurationIsVisible = 0;
			defaultConfigurationName = Release;
		};
/* End XCConfigurationList section */
	};
	rootObject = 469769871ECED33500A6F2A3 /* Project object */;
}
